
Microsoft Visual Studio Solution File, Format Version 12.00
# Visual Studio Version 17
VisualStudioVersion = 17.7.34221.43
MinimumVisualStudioVersion = 10.0.40219.1
Project("{FAE04EC0-301F-11D3-BF4B-00C04F79EFBC}") = "hw", "hw\hw.csproj", "{1384F090-21CB-4E74-A0CC-83B759720A2B}"
EndProject
Global
	GlobalSection(SolutionConfigurationPlatforms) = preSolution
		Debug|Any CPU = Debug|Any CPU
		Release|Any CPU = Release|Any CPU
	EndGlobalSection
	GlobalSection(ProjectConfigurationPlatforms) = postSolution
		{1384F090-21CB-4E74-A0CC-83B759720A2B}.Debug|Any CPU.ActiveCfg = Debug|Any CPU
		{1384F090-21CB-4E74-A0CC-83B759720A2B}.Debug|Any CPU.Build.0 = Debug|Any CPU
		{1384F090-21CB-4E74-A0CC-83B759720A2B}.Release|Any CPU.ActiveCfg = Release|Any CPU
		{1384F090-21CB-4E74-A0CC-83B759720A2B}.Release|Any CPU.Build.0 = Release|Any CPU
	EndGlobalSection
	GlobalSection(SolutionProperties) = preSolution
		HideSolutionNode = FALSE
	EndGlobalSection
	GlobalSection(ExtensibilityGlobals) = postSolution
		SolutionGuid = {D7D12FC1-91B2-4C66-A552-1C3B04DCD688}
	EndGlobalSection
EndGlobal
